
Microsoft Visual Studio Solution File, Format Version 12.00
# Visual Studio Version 16
VisualStudioVersion = 16.0.32106.194
MinimumVisualStudioVersion = 10.0.40219.1
Project("{FAE04EC0-301F-11D3-BF4B-00C04F79EFBC}") = "Mission4", "Mission4\Mission4.csproj", "{05359C60-DBE9-464E-8F95-360963A45AA2}"
EndProject
Global
	GlobalSection(SolutionConfigurationPlatforms) = preSolution
		Debug|Any CPU = Debug|Any CPU
		Release|Any CPU = Release|Any CPU
	EndGlobalSection
	GlobalSection(ProjectConfigurationPlatforms) = postSolution
		{05359C60-DBE9-464E-8F95-360963A45AA2}.Debug|Any CPU.ActiveCfg = Debug|Any CPU
		{05359C60-DBE9-464E-8F95-360963A45AA2}.Debug|Any CPU.Build.0 = Debug|Any CPU
		{05359C60-DBE9-464E-8F95-360963A45AA2}.Release|Any CPU.ActiveCfg = Release|Any CPU
		{05359C60-DBE9-464E-8F95-360963A45AA2}.Release|Any CPU.Build.0 = Release|Any CPU
	EndGlobalSection
	GlobalSection(SolutionProperties) = preSolution
		HideSolutionNode = FALSE
	EndGlobalSection
	GlobalSection(ExtensibilityGlobals) = postSolution
		SolutionGuid = {FBE331CF-72C4-4668-A95C-F4F84E883299}
	EndGlobalSection
EndGlobal
